
Microsoft Visual Studio Solution File, Format Version 12.00
# Visual Studio Version 16
VisualStudioVersion = 16.0.29230.47
MinimumVisualStudioVersion = 10.0.40219.1
Project("{FAE04EC0-301F-11D3-BF4B-00C04F79EFBC}") = "Prob3", "Prob3\Prob3.csproj", "{05085F9E-317C-4B2D-ACD3-7C2AF4535A36}"
EndProject
Project("{FAE04EC0-301F-11D3-BF4B-00C04F79EFBC}") = "Prob4", "Prob4\Prob4.csproj", "{FC0E1FDA-2EFD-42DE-92A9-55D0E1A2B017}"
EndProject
Project("{FAE04EC0-301F-11D3-BF4B-00C04F79EFBC}") = "Prob5", "Prob5\Prob5.csproj", "{43F2A265-75B4-4453-9A25-9A6306225849}"
EndProject
Global
	GlobalSection(SolutionConfigurationPlatforms) = preSolution
		Debug|Any CPU = Debug|Any CPU
		Release|Any CPU = Release|Any CPU
	EndGlobalSection
	GlobalSection(ProjectConfigurationPlatforms) = postSolution
		{05085F9E-317C-4B2D-ACD3-7C2AF4535A36}.Debug|Any CPU.ActiveCfg = Debug|Any CPU
		{05085F9E-317C-4B2D-ACD3-7C2AF4535A36}.Debug|Any CPU.Build.0 = Debug|Any CPU
		{05085F9E-317C-4B2D-ACD3-7C2AF4535A36}.Release|Any CPU.ActiveCfg = Release|Any CPU
		{05085F9E-317C-4B2D-ACD3-7C2AF4535A36}.Release|Any CPU.Build.0 = Release|Any CPU
		{FC0E1FDA-2EFD-42DE-92A9-55D0E1A2B017}.Debug|Any CPU.ActiveCfg = Debug|Any CPU
		{FC0E1FDA-2EFD-42DE-92A9-55D0E1A2B017}.Debug|Any CPU.Build.0 = Debug|Any CPU
		{FC0E1FDA-2EFD-42DE-92A9-55D0E1A2B017}.Release|Any CPU.ActiveCfg = Release|Any CPU
		{FC0E1FDA-2EFD-42DE-92A9-55D0E1A2B017}.Release|Any CPU.Build.0 = Release|Any CPU
		{43F2A265-75B4-4453-9A25-9A6306225849}.Debug|Any CPU.ActiveCfg = Debug|Any CPU
		{43F2A265-75B4-4453-9A25-9A6306225849}.Debug|Any CPU.Build.0 = Debug|Any CPU
		{43F2A265-75B4-4453-9A25-9A6306225849}.Release|Any CPU.ActiveCfg = Release|Any CPU
		{43F2A265-75B4-4453-9A25-9A6306225849}.Release|Any CPU.Build.0 = Release|Any CPU
	EndGlobalSection
	GlobalSection(SolutionProperties) = preSolution
		HideSolutionNode = FALSE
	EndGlobalSection
	GlobalSection(ExtensibilityGlobals) = postSolution
		SolutionGuid = {14007971-50A2-441A-9561-87DD14459BCF}
	EndGlobalSection
EndGlobal
